# This file is automatically @generated by Cargo.
# It is not intended for manual editing.
version = 4

[[package]]
name = "shard-stream-core"
version = "0.1.0"

[[package]]
name = "shard-stream-protocol"
version = "0.1.0"
dependencies = [
 "shard-stream-core",
]

[[package]]
name = "shard-stream-server"
version = "0.1.0"
dependencies = [
 "shard-stream-core",
 "shard-stream-protocol",
]
